
Microsoft Visual Studio Solution File, Format Version 12.00
# Visual Studio Version 16
VisualStudioVersion = 16.0.31829.152
MinimumVisualStudioVersion = 10.0.40219.1
Project("{FAE04EC0-301F-11D3-BF4B-00C04F79EFBC}") = "Task11", "Task11\Task11.csproj", "{1B08ABAA-E997-4E72-8645-A9E9AC58E999}"
EndProject
Global
	GlobalSection(SolutionConfigurationPlatforms) = preSolution
		Debug|Any CPU = Debug|Any CPU
		Release|Any CPU = Release|Any CPU
	EndGlobalSection
	GlobalSection(ProjectConfigurationPlatforms) = postSolution
		{1B08ABAA-E997-4E72-8645-A9E9AC58E999}.Debug|Any CPU.ActiveCfg = Debug|Any CPU
		{1B08ABAA-E997-4E72-8645-A9E9AC58E999}.Debug|Any CPU.Build.0 = Debug|Any CPU
		{1B08ABAA-E997-4E72-8645-A9E9AC58E999}.Release|Any CPU.ActiveCfg = Release|Any CPU
		{1B08ABAA-E997-4E72-8645-A9E9AC58E999}.Release|Any CPU.Build.0 = Release|Any CPU
	EndGlobalSection
	GlobalSection(SolutionProperties) = preSolution
		HideSolutionNode = FALSE
	EndGlobalSection
	GlobalSection(ExtensibilityGlobals) = postSolution
		SolutionGuid = {D75AA6E3-8D4A-49DA-A55E-CF4EB4791147}
	EndGlobalSection
EndGlobal
